
Microsoft Visual Studio Solution File, Format Version 12.00
# Visual Studio Version 17
VisualStudioVersion = 17.1.32421.90
MinimumVisualStudioVersion = 10.0.40219.1
Project("{FAE04EC0-301F-11D3-BF4B-00C04F79EFBC}") = "DecryptLogoV1-82-2", "Console\DecryptLogoV1-82-2.csproj", "{214217C4-75FA-4E18-98D8-979082EE6221}"
EndProject
Global
	GlobalSection(SolutionConfigurationPlatforms) = preSolution
		Debug|Any CPU = Debug|Any CPU
		Release|Any CPU = Release|Any CPU
	EndGlobalSection
	GlobalSection(ProjectConfigurationPlatforms) = postSolution
		{214217C4-75FA-4E18-98D8-979082EE6221}.Debug|Any CPU.ActiveCfg = Debug|Any CPU
		{214217C4-75FA-4E18-98D8-979082EE6221}.Debug|Any CPU.Build.0 = Debug|Any CPU
		{214217C4-75FA-4E18-98D8-979082EE6221}.Release|Any CPU.ActiveCfg = Release|Any CPU
		{214217C4-75FA-4E18-98D8-979082EE6221}.Release|Any CPU.Build.0 = Release|Any CPU
	EndGlobalSection
	GlobalSection(SolutionProperties) = preSolution
		HideSolutionNode = FALSE
	EndGlobalSection
	GlobalSection(ExtensibilityGlobals) = postSolution
		SolutionGuid = {93E8598C-20E9-41B9-B038-245517DBBD06}
	EndGlobalSection
EndGlobal
